// !$*UTF8*$!
{
	archiveVersion = 1;
	classes = {
	};
	objectVersion = 46;
	objects = {

/* Begin PBXBuildFile section */
		00440FB51D1B8D230098C71E /* AppDelegate.swift in Sources */ = {isa = PBXBuildFile; fileRef = 00440FB41D1B8D230098C71E /* AppDelegate.swift */; };
		00440FBA1D1B8D230098C71E /* Main.storyboard in Resources */ = {isa = PBXBuildFile; fileRef = 00440FB81D1B8D230098C71E /* Main.storyboard */; };
		00440FBC1D1B8D230098C71E /* Assets.xcassets in Resources */ = {isa = PBXBuildFile; fileRef = 00440FBB1D1B8D230098C71E /* Assets.xcassets */; };
		00440FBF1D1B8D230098C71E /* LaunchScreen.storyboard in Resources */ = {isa = PBXBuildFile; fileRef = 00440FBD1D1B8D230098C71E /* LaunchScreen.storyboard */; };
		00440FCC1D1F82130098C71E /* PearlApp.swift in Sources */ = {isa = PBXBuildFile; fileRef = 00440FCB1D1F82130098C71E /* PearlApp.swift */; };
		00440FCE1D1F82700098C71E /* BaseViewController.swift in Sources */ = {isa = PBXBuildFile; fileRef = 00440FCD1D1F82700098C71E /* BaseViewController.swift */; };
		00440FD01D1F82B20098C71E /* BaseViewModel.swift in Sources */ = {isa = PBXBuildFile; fileRef = 00440FCF1D1F82B20098C71E /* BaseViewModel.swift */; };
		00440FD21D1F85540098C71E /* Login.storyboard in Resources */ = {isa = PBXBuildFile; fileRef = 00440FD11D1F85540098C71E /* Login.storyboard */; };
		00440FD51D1FCA310098C71E /* TimelineViewController.swift in Sources */ = {isa = PBXBuildFile; fileRef = 00440FD41D1FCA310098C71E /* TimelineViewController.swift */; };
		00440FD81D1FCDE70098C71E /* BaseViews.swift in Sources */ = {isa = PBXBuildFile; fileRef = 00440FD71D1FCDE70098C71E /* BaseViews.swift */; };
		00440FDC1D1FD2640098C71E /* UIUtils.swift in Sources */ = {isa = PBXBuildFile; fileRef = 00440FDB1D1FD2640098C71E /* UIUtils.swift */; };
		00440FDE1D1FD2ED0098C71E /* Theme.swift in Sources */ = {isa = PBXBuildFile; fileRef = 00440FDD1D1FD2ED0098C71E /* Theme.swift */; };
		00440FE01D1FD3090098C71E /* Utils.swift in Sources */ = {isa = PBXBuildFile; fileRef = 00440FDF1D1FD3090098C71E /* Utils.swift */; };
		00440FE41D24C1330098C71E /* ResponseHandler.swift in Sources */ = {isa = PBXBuildFile; fileRef = 00440FE31D24C1330098C71E /* ResponseHandler.swift */; };
		00440FE61D24C3180098C71E /* ApiResponse.swift in Sources */ = {isa = PBXBuildFile; fileRef = 00440FE51D24C3180098C71E /* ApiResponse.swift */; };
		00440FE81D24C3D40098C71E /* Router.swift in Sources */ = {isa = PBXBuildFile; fileRef = 00440FE71D24C3D40098C71E /* Router.swift */; };
		00440FEB1D24C7570098C71E /* Api.swift in Sources */ = {isa = PBXBuildFile; fileRef = 00440FEA1D24C7570098C71E /* Api.swift */; };
		00440FED1D24CB510098C71E /* Activity.swift in Sources */ = {isa = PBXBuildFile; fileRef = 00440FEC1D24CB510098C71E /* Activity.swift */; };
		00440FEF1D24FE9A0098C71E /* Baby.swift in Sources */ = {isa = PBXBuildFile; fileRef = 00440FEE1D24FE9A0098C71E /* Baby.swift */; };
		B34937CD666745D62DB173EB /* Pods_Pearl.framework in Frameworks */ = {isa = PBXBuildFile; fileRef = 07E721C90DDB10E64D68B699 /* Pods_Pearl.framework */; };
/* End PBXBuildFile section */

/* Begin PBXFileReference section */
		00440FB11D1B8D230098C71E /* Pearl.app */ = {isa = PBXFileReference; explicitFileType = wrapper.application; includeInIndex = 0; path = Pearl.app; sourceTree = BUILT_PRODUCTS_DIR; };
		00440FB41D1B8D230098C71E /* AppDelegate.swift */ = {isa = PBXFileReference; lastKnownFileType = sourcecode.swift; path = AppDelegate.swift; sourceTree = "<group>"; };
		00440FB91D1B8D230098C71E /* Base */ = {isa = PBXFileReference; lastKnownFileType = file.storyboard; name = Base; path = Base.lproj/Main.storyboard; sourceTree = "<group>"; };
		00440FBB1D1B8D230098C71E /* Assets.xcassets */ = {isa = PBXFileReference; lastKnownFileType = folder.assetcatalog; path = Assets.xcassets; sourceTree = "<group>"; };
		00440FBE1D1B8D230098C71E /* Base */ = {isa = PBXFileReference; lastKnownFileType = file.storyboard; name = Base; path = Base.lproj/LaunchScreen.storyboard; sourceTree = "<group>"; };
		00440FC01D1B8D230098C71E /* Info.plist */ = {isa = PBXFileReference; lastKnownFileType = text.plist.xml; path = Info.plist; sourceTree = "<group>"; };
		00440FCB1D1F82130098C71E /* PearlApp.swift */ = {isa = PBXFileReference; fileEncoding = 4; lastKnownFileType = sourcecode.swift; path = PearlApp.swift; sourceTree = "<group>"; };
		00440FCD1D1F82700098C71E /* BaseViewController.swift */ = {isa = PBXFileReference; fileEncoding = 4; lastKnownFileType = sourcecode.swift; path = BaseViewController.swift; sourceTree = "<group>"; };
		00440FCF1D1F82B20098C71E /* BaseViewModel.swift */ = {isa = PBXFileReference; fileEncoding = 4; lastKnownFileType = sourcecode.swift; path = BaseViewModel.swift; sourceTree = "<group>"; };
		00440FD11D1F85540098C71E /* Login.storyboard */ = {isa = PBXFileReference; fileEncoding = 4; lastKnownFileType = file.storyboard; path = Login.storyboard; sourceTree = "<group>"; };
		00440FD41D1FCA310098C71E /* TimelineViewController.swift */ = {isa = PBXFileReference; fileEncoding = 4; lastKnownFileType = sourcecode.swift; path = TimelineViewController.swift; sourceTree = "<group>"; };
		00440FD71D1FCDE70098C71E /* BaseViews.swift */ = {isa = PBXFileReference; fileEncoding = 4; lastKnownFileType = sourcecode.swift; path = BaseViews.swift; sourceTree = "<group>"; };
		00440FDB1D1FD2640098C71E /* UIUtils.swift */ = {isa = PBXFileReference; fileEncoding = 4; lastKnownFileType = sourcecode.swift; path = UIUtils.swift; sourceTree = "<group>"; };
		00440FDD1D1FD2ED0098C71E /* Theme.swift */ = {isa = PBXFileReference; fileEncoding = 4; lastKnownFileType = sourcecode.swift; path = Theme.swift; sourceTree = "<group>"; };
		00440FDF1D1FD3090098C71E /* Utils.swift */ = {isa = PBXFileReference; fileEncoding = 4; lastKnownFileType = sourcecode.swift; path = Utils.swift; sourceTree = "<group>"; };
		00440FE31D24C1330098C71E /* ResponseHandler.swift */ = {isa = PBXFileReference; fileEncoding = 4; lastKnownFileType = sourcecode.swift; path = ResponseHandler.swift; sourceTree = "<group>"; };
		00440FE51D24C3180098C71E /* ApiResponse.swift */ = {isa = PBXFileReference; fileEncoding = 4; lastKnownFileType = sourcecode.swift; path = ApiResponse.swift; sourceTree = "<group>"; };
		00440FE71D24C3D40098C71E /* Router.swift */ = {isa = PBXFileReference; fileEncoding = 4; lastKnownFileType = sourcecode.swift; path = Router.swift; sourceTree = "<group>"; };
		00440FE91D24C5D80098C71E /* BridgeHeader.h */ = {isa = PBXFileReference; lastKnownFileType = sourcecode.c.h; path = BridgeHeader.h; sourceTree = "<group>"; };
		00440FEA1D24C7570098C71E /* Api.swift */ = {isa = PBXFileReference; fileEncoding = 4; lastKnownFileType = sourcecode.swift; path = Api.swift; sourceTree = "<group>"; };
		00440FEC1D24CB510098C71E /* Activity.swift */ = {isa = PBXFileReference; fileEncoding = 4; lastKnownFileType = sourcecode.swift; path = Activity.swift; sourceTree = "<group>"; };
		00440FEE1D24FE9A0098C71E /* Baby.swift */ = {isa = PBXFileReference; fileEncoding = 4; lastKnownFileType = sourcecode.swift; path = Baby.swift; sourceTree = "<group>"; };
		07E721C90DDB10E64D68B699 /* Pods_Pearl.framework */ = {isa = PBXFileReference; explicitFileType = wrapper.framework; includeInIndex = 0; path = Pods_Pearl.framework; sourceTree = BUILT_PRODUCTS_DIR; };
		4A16DDDDCA855381D7555C10 /* Pods-Pearl.release.xcconfig */ = {isa = PBXFileReference; includeInIndex = 1; lastKnownFileType = text.xcconfig; name = "Pods-Pearl.release.xcconfig"; path = "Pods/Target Support Files/Pods-Pearl/Pods-Pearl.release.xcconfig"; sourceTree = "<group>"; };
		FF8CC6EC39673A536D6AF0DB /* Pods-Pearl.debug.xcconfig */ = {isa = PBXFileReference; includeInIndex = 1; lastKnownFileType = text.xcconfig; name = "Pods-Pearl.debug.xcconfig"; path = "Pods/Target Support Files/Pods-Pearl/Pods-Pearl.debug.xcconfig"; sourceTree = "<group>"; };
/* End PBXFileReference section */

/* Begin PBXFrameworksBuildPhase section */
		00440FAE1D1B8D230098C71E /* Frameworks */ = {
			isa = PBXFrameworksBuildPhase;
			buildActionMask = 2147483647;
			files = (
				B34937CD666745D62DB173EB /* Pods_Pearl.framework in Frameworks */,
			);
			runOnlyForDeploymentPostprocessing = 0;
		};
/* End PBXFrameworksBuildPhase section */

/* Begin PBXGroup section */
		00440FA81D1B8D230098C71E = {
			isa = PBXGroup;
			children = (
				00440FB31D1B8D230098C71E /* Pearl */,
				00440FB21D1B8D230098C71E /* Products */,
				AE797150E1396D0B71CDF234 /* Pods */,
				89B0940749B5CCE7997ADA53 /* Frameworks */,
			);
			sourceTree = "<group>";
		};
		00440FB21D1B8D230098C71E /* Products */ = {
			isa = PBXGroup;
			children = (
				00440FB11D1B8D230098C71E /* Pearl.app */,
			);
			name = Products;
			sourceTree = "<group>";
		};
		00440FB31D1B8D230098C71E /* Pearl */ = {
			isa = PBXGroup;
			children = (
				00440FC61D1F80DC0098C71E /* App */,
				00440FE11D24BF970098C71E /* Data */,
				00440FC71D1F80DC0098C71E /* Controllers */,
				00440FD61D1FCDD10098C71E /* Views */,
				00440FCA1D1F81A00098C71E /* Storyboards */,
				00440FDA1D1FD2520098C71E /* Utils */,
				00440FB41D1B8D230098C71E /* AppDelegate.swift */,
				00440FBB1D1B8D230098C71E /* Assets.xcassets */,
				00440FC01D1B8D230098C71E /* Info.plist */,
				00440FE91D24C5D80098C71E /* BridgeHeader.h */,
			);
			path = Pearl;
			sourceTree = "<group>";
		};
		00440FC61D1F80DC0098C71E /* App */ = {
			isa = PBXGroup;
			children = (
				00440FCB1D1F82130098C71E /* PearlApp.swift */,
				00440FDD1D1FD2ED0098C71E /* Theme.swift */,
			);
			path = App;
			sourceTree = "<group>";
		};
		00440FC71D1F80DC0098C71E /* Controllers */ = {
			isa = PBXGroup;
			children = (
				00440FC91D1F81760098C71E /* Common */,
				00440FD31D1FCA1A0098C71E /* Timeline */,
			);
			path = Controllers;
			sourceTree = "<group>";
		};
		00440FC91D1F81760098C71E /* Common */ = {
			isa = PBXGroup;
			children = (
				00440FCD1D1F82700098C71E /* BaseViewController.swift */,
				00440FCF1D1F82B20098C71E /* BaseViewModel.swift */,
			);
			path = Common;
			sourceTree = "<group>";
		};
		00440FCA1D1F81A00098C71E /* Storyboards */ = {
			isa = PBXGroup;
			children = (
				00440FBD1D1B8D230098C71E /* LaunchScreen.storyboard */,
				00440FB81D1B8D230098C71E /* Main.storyboard */,
				00440FD11D1F85540098C71E /* Login.storyboard */,
			);
			path = Storyboards;
			sourceTree = "<group>";
		};
		00440FD31D1FCA1A0098C71E /* Timeline */ = {
			isa = PBXGroup;
			children = (
				00440FD91D1FD1660098C71E /* Views */,
				00440FD41D1FCA310098C71E /* TimelineViewController.swift */,
			);
			path = Timeline;
			sourceTree = "<group>";
		};
		00440FD61D1FCDD10098C71E /* Views */ = {
			isa = PBXGroup;
			children = (
				00440FD71D1FCDE70098C71E /* BaseViews.swift */,
			);
			path = Views;
			sourceTree = "<group>";
		};
		00440FD91D1FD1660098C71E /* Views */ = {
			isa = PBXGroup;
			children = (
			);
			path = Views;
			sourceTree = "<group>";
		};
		00440FDA1D1FD2520098C71E /* Utils */ = {
			isa = PBXGroup;
			children = (
				00440FDB1D1FD2640098C71E /* UIUtils.swift */,
				00440FDF1D1FD3090098C71E /* Utils.swift */,
			);
			path = Utils;
			sourceTree = "<group>";
		};
		00440FE11D24BF970098C71E /* Data */ = {
			isa = PBXGroup;
			children = (
				00440FE21D24BF970098C71E /* Models */,
				00440FE31D24C1330098C71E /* ResponseHandler.swift */,
				00440FE51D24C3180098C71E /* ApiResponse.swift */,
				00440FE71D24C3D40098C71E /* Router.swift */,
				00440FEA1D24C7570098C71E /* Api.swift */,
			);
			path = Data;
			sourceTree = "<group>";
		};
		00440FE21D24BF970098C71E /* Models */ = {
			isa = PBXGroup;
			children = (
				00440FEC1D24CB510098C71E /* Activity.swift */,
				00440FEE1D24FE9A0098C71E /* Baby.swift */,
			);
			path = Models;
			sourceTree = "<group>";
		};
		89B0940749B5CCE7997ADA53 /* Frameworks */ = {
			isa = PBXGroup;
			children = (
				07E721C90DDB10E64D68B699 /* Pods_Pearl.framework */,
			);
			name = Frameworks;
			sourceTree = "<group>";
		};
		AE797150E1396D0B71CDF234 /* Pods */ = {
			isa = PBXGroup;
			children = (
				FF8CC6EC39673A536D6AF0DB /* Pods-Pearl.debug.xcconfig */,
				4A16DDDDCA855381D7555C10 /* Pods-Pearl.release.xcconfig */,
			);
			name = Pods;
			sourceTree = "<group>";
		};
/* End PBXGroup section */

/* Begin PBXNativeTarget section */
		00440FB01D1B8D230098C71E /* Pearl */ = {
			isa = PBXNativeTarget;
			buildConfigurationList = 00440FC31D1B8D230098C71E /* Build configuration list for PBXNativeTarget "Pearl" */;
			buildPhases = (
				32A9DA5FF34D8E1A609564DF /* 📦 Check Pods Manifest.lock */,
				00440FAD1D1B8D230098C71E /* Sources */,
				00440FAE1D1B8D230098C71E /* Frameworks */,
				00440FAF1D1B8D230098C71E /* Resources */,
				73EB1F6F384001140178868F /* 📦 Embed Pods Frameworks */,
				F8E605F9F037FC63B457C052 /* 📦 Copy Pods Resources */,
			);
			buildRules = (
			);
			dependencies = (
			);
			name = Pearl;
			productName = Pearl;
			productReference = 00440FB11D1B8D230098C71E /* Pearl.app */;
			productType = "com.apple.product-type.application";
		};
/* End PBXNativeTarget section */

/* Begin PBXProject section */
		00440FA91D1B8D230098C71E /* Project object */ = {
			isa = PBXProject;
			attributes = {
				LastSwiftUpdateCheck = 0730;
				LastUpgradeCheck = 0730;
				ORGANIZATIONNAME = robiz.co;
				TargetAttributes = {
					00440FB01D1B8D230098C71E = {
						CreatedOnToolsVersion = 7.3.1;
					};
				};
			};
			buildConfigurationList = 00440FAC1D1B8D230098C71E /* Build configuration list for PBXProject "Pearl" */;
			compatibilityVersion = "Xcode 3.2";
			developmentRegion = English;
			hasScannedForEncodings = 0;
			knownRegions = (
				en,
				Base,
			);
			mainGroup = 00440FA81D1B8D230098C71E;
			productRefGroup = 00440FB21D1B8D230098C71E /* Products */;
			projectDirPath = "";
			projectRoot = "";
			targets = (
				00440FB01D1B8D230098C71E /* Pearl */,
			);
		};
/* End PBXProject section */

/* Begin PBXResourcesBuildPhase section */
		00440FAF1D1B8D230098C71E /* Resources */ = {
			isa = PBXResourcesBuildPhase;
			buildActionMask = 2147483647;
			files = (
				00440FD21D1F85540098C71E /* Login.storyboard in Resources */,
				00440FBF1D1B8D230098C71E /* LaunchScreen.storyboard in Resources */,
				00440FBC1D1B8D230098C71E /* Assets.xcassets in Resources */,
				00440FBA1D1B8D230098C71E /* Main.storyboard in Resources */,
			);
			runOnlyForDeploymentPostprocessing = 0;
		};
/* End PBXResourcesBuildPhase section */

/* Begin PBXShellScriptBuildPhase section */
		32A9DA5FF34D8E1A609564DF /* 📦 Check Pods Manifest.lock */ = {
			isa = PBXShellScriptBuildPhase;
			buildActionMask = 2147483647;
			files = (
			);
			inputPaths = (
			);
			name = "📦 Check Pods Manifest.lock";
			outputPaths = (
			);
			runOnlyForDeploymentPostprocessing = 0;
			shellPath = /bin/sh;
			shellScript = "diff \"${PODS_ROOT}/../Podfile.lock\" \"${PODS_ROOT}/Manifest.lock\" > /dev/null\nif [[ $? != 0 ]] ; then\n    cat << EOM\nerror: The sandbox is not in sync with the Podfile.lock. Run 'pod install' or update your CocoaPods installation.\nEOM\n    exit 1\nfi\n";
			showEnvVarsInLog = 0;
		};
		73EB1F6F384001140178868F /* 📦 Embed Pods Frameworks */ = {
			isa = PBXShellScriptBuildPhase;
			buildActionMask = 2147483647;
			files = (
			);
			inputPaths = (
			);
			name = "📦 Embed Pods Frameworks";
			outputPaths = (
			);
			runOnlyForDeploymentPostprocessing = 0;
			shellPath = /bin/sh;
			shellScript = "\"${SRCROOT}/Pods/Target Support Files/Pods-Pearl/Pods-Pearl-frameworks.sh\"\n";
			showEnvVarsInLog = 0;
		};
		F8E605F9F037FC63B457C052 /* 📦 Copy Pods Resources */ = {
			isa = PBXShellScriptBuildPhase;
			buildActionMask = 2147483647;
			files = (
			);
			inputPaths = (
			);
			name = "📦 Copy Pods Resources";
			outputPaths = (
			);
			runOnlyForDeploymentPostprocessing = 0;
			shellPath = /bin/sh;
			shellScript = "\"${SRCROOT}/Pods/Target Support Files/Pods-Pearl/Pods-Pearl-resources.sh\"\n";
			showEnvVarsInLog = 0;
		};
/* End PBXShellScriptBuildPhase section */

/* Begin PBXSourcesBuildPhase section */
		00440FAD1D1B8D230098C71E /* Sources */ = {
			isa = PBXSourcesBuildPhase;
			buildActionMask = 2147483647;
			files = (
				00440FE61D24C3180098C71E /* ApiResponse.swift in Sources */,
				00440FCC1D1F82130098C71E /* PearlApp.swift in Sources */,
				00440FED1D24CB510098C71E /* Activity.swift in Sources */,
				00440FDE1D1FD2ED0098C71E /* Theme.swift in Sources */,
				00440FE01D1FD3090098C71E /* Utils.swift in Sources */,
				00440FE81D24C3D40098C71E /* Router.swift in Sources */,
				00440FE41D24C1330098C71E /* ResponseHandler.swift in Sources */,
				00440FEB1D24C7570098C71E /* Api.swift in Sources */,
				00440FD01D1F82B20098C71E /* BaseViewModel.swift in Sources */,
				00440FB51D1B8D230098C71E /* AppDelegate.swift in Sources */,
				00440FDC1D1FD2640098C71E /* UIUtils.swift in Sources */,
				00440FD81D1FCDE70098C71E /* BaseViews.swift in Sources */,
				00440FCE1D1F82700098C71E /* BaseViewController.swift in Sources */,
				00440FEF1D24FE9A0098C71E /* Baby.swift in Sources */,
				00440FD51D1FCA310098C71E /* TimelineViewController.swift in Sources */,
			);
			runOnlyForDeploymentPostprocessing = 0;
		};
/* End PBXSourcesBuildPhase section */

/* Begin PBXVariantGroup section */
		00440FB81D1B8D230098C71E /* Main.storyboard */ = {
			isa = PBXVariantGroup;
			children = (
				00440FB91D1B8D230098C71E /* Base */,
			);
			name = Main.storyboard;
			path = ..;
			sourceTree = "<group>";
		};
		00440FBD1D1B8D230098C71E /* LaunchScreen.storyboard */ = {
			isa = PBXVariantGroup;
			children = (
				00440FBE1D1B8D230098C71E /* Base */,
			);
			name = LaunchScreen.storyboard;
			path = ..;
			sourceTree = "<group>";
		};
/* End PBXVariantGroup section */

/* Begin XCBuildConfiguration section */
		00440FC11D1B8D230098C71E /* Debug */ = {
			isa = XCBuildConfiguration;
			buildSettings = {
				ALWAYS_SEARCH_USER_PATHS = NO;
				CLANG_ANALYZER_NONNULL = YES;
				CLANG_CXX_LANGUAGE_STANDARD = "gnu++0x";
				CLANG_CXX_LIBRARY = "libc++";
				CLANG_ENABLE_MODULES = YES;
				CLANG_ENABLE_OBJC_ARC = YES;
				CLANG_WARN_BOOL_CONVERSION = YES;
				CLANG_WARN_CONSTANT_CONVERSION = YES;
				CLANG_WARN_DIRECT_OBJC_ISA_USAGE = YES_ERROR;
				CLANG_WARN_EMPTY_BODY = YES;
				CLANG_WARN_ENUM_CONVERSION = YES;
				CLANG_WARN_INT_CONVERSION = YES;
				CLANG_WARN_OBJC_ROOT_CLASS = YES_ERROR;
				CLANG_WARN_UNREACHABLE_CODE = YES;
				CLANG_WARN__DUPLICATE_METHOD_MATCH = YES;
				"CODE_SIGN_IDENTITY[sdk=iphoneos*]" = "iPhone Developer";
				COPY_PHASE_STRIP = NO;
				DEBUG_INFORMATION_FORMAT = dwarf;
				ENABLE_STRICT_OBJC_MSGSEND = YES;
				ENABLE_TESTABILITY = YES;
				GCC_C_LANGUAGE_STANDARD = gnu99;
				GCC_DYNAMIC_NO_PIC = NO;
				GCC_NO_COMMON_BLOCKS = YES;
				GCC_OPTIMIZATION_LEVEL = 0;
				GCC_PREPROCESSOR_DEFINITIONS = (
					"DEBUG=1",
					"$(inherited)",
				);
				GCC_WARN_64_TO_32_BIT_CONVERSION = YES;
				GCC_WARN_ABOUT_RETURN_TYPE = YES_ERROR;
				GCC_WARN_UNDECLARED_SELECTOR = YES;
				GCC_WARN_UNINITIALIZED_AUTOS = YES_AGGRESSIVE;
				GCC_WARN_UNUSED_FUNCTION = YES;
				GCC_WARN_UNUSED_VARIABLE = YES;
				IPHONEOS_DEPLOYMENT_TARGET = 8.0;
				MTL_ENABLE_DEBUG_INFO = YES;
				ONLY_ACTIVE_ARCH = YES;
				SDKROOT = iphoneos;
				SWIFT_OPTIMIZATION_LEVEL = "-Onone";
			};
			name = Debug;
		};
		00440FC21D1B8D230098C71E /* Release */ = {
			isa = XCBuildConfiguration;
			buildSettings = {
				ALWAYS_SEARCH_USER_PATHS = NO;
				CLANG_ANALYZER_NONNULL = YES;
				CLANG_CXX_LANGUAGE_STANDARD = "gnu++0x";
				CLANG_CXX_LIBRARY = "libc++";
				CLANG_ENABLE_MODULES = YES;
				CLANG_ENABLE_OBJC_ARC = YES;
				CLANG_WARN_BOOL_CONVERSION = YES;
				CLANG_WARN_CONSTANT_CONVERSION = YES;
				CLANG_WARN_DIRECT_OBJC_ISA_USAGE = YES_ERROR;
				CLANG_WARN_EMPTY_BODY = YES;
				CLANG_WARN_ENUM_CONVERSION = YES;
				CLANG_WARN_INT_CONVERSION = YES;
				CLANG_WARN_OBJC_ROOT_CLASS = YES_ERROR;
				CLANG_WARN_UNREACHABLE_CODE = YES;
				CLANG_WARN__DUPLICATE_METHOD_MATCH = YES;
				"CODE_SIGN_IDENTITY[sdk=iphoneos*]" = "iPhone Developer";
				COPY_PHASE_STRIP = NO;
				DEBUG_INFORMATION_FORMAT = "dwarf-with-dsym";
				ENABLE_NS_ASSERTIONS = NO;
				ENABLE_STRICT_OBJC_MSGSEND = YES;
				GCC_C_LANGUAGE_STANDARD = gnu99;
				GCC_NO_COMMON_BLOCKS = YES;
				GCC_WARN_64_TO_32_BIT_CONVERSION = YES;
				GCC_WARN_ABOUT_RETURN_TYPE = YES_ERROR;
				GCC_WARN_UNDECLARED_SELECTOR = YES;
				GCC_WARN_UNINITIALIZED_AUTOS = YES_AGGRESSIVE;
				GCC_WARN_UNUSED_FUNCTION = YES;
				GCC_WARN_UNUSED_VARIABLE = YES;
				IPHONEOS_DEPLOYMENT_TARGET = 8.0;
				MTL_ENABLE_DEBUG_INFO = NO;
				SDKROOT = iphoneos;
				VALIDATE_PRODUCT = YES;
			};
			name = Release;
		};
		00440FC41D1B8D230098C71E /* Debug */ = {
			isa = XCBuildConfiguration;
			baseConfigurationReference = FF8CC6EC39673A536D6AF0DB /* Pods-Pearl.debug.xcconfig */;
			buildSettings = {
				ASSETCATALOG_COMPILER_APPICON_NAME = AppIcon;
				INFOPLIST_FILE = Pearl/Info.plist;
				LD_RUNPATH_SEARCH_PATHS = "$(inherited) @executable_path/Frameworks";
				PRODUCT_BUNDLE_IDENTIFIER = co.robiz.Pearl;
				PRODUCT_NAME = "$(TARGET_NAME)";
			};
			name = Debug;
		};
		00440FC51D1B8D230098C71E /* Release */ = {
			isa = XCBuildConfiguration;
			baseConfigurationReference = 4A16DDDDCA855381D7555C10 /* Pods-Pearl.release.xcconfig */;
			buildSettings = {
				ASSETCATALOG_COMPILER_APPICON_NAME = AppIcon;
				INFOPLIST_FILE = Pearl/Info.plist;
				LD_RUNPATH_SEARCH_PATHS = "$(inherited) @executable_path/Frameworks";
				PRODUCT_BUNDLE_IDENTIFIER = co.robiz.Pearl;
				PRODUCT_NAME = "$(TARGET_NAME)";
			};
			name = Release;
		};
/* End XCBuildConfiguration section */

/* Begin XCConfigurationList section */
		00440FAC1D1B8D230098C71E /* Build configuration list for PBXProject "Pearl" */ = {
			isa = XCConfigurationList;
			buildConfigurations = (
				00440FC11D1B8D230098C71E /* Debug */,
				00440FC21D1B8D230098C71E /* Release */,
			);
			defaultConfigurationIsVisible = 0;
			defaultConfigurationName = Release;
		};
		00440FC31D1B8D230098C71E /* Build configuration list for PBXNativeTarget "Pearl" */ = {
			isa = XCConfigurationList;
			buildConfigurations = (
				00440FC41D1B8D230098C71E /* Debug */,
				00440FC51D1B8D230098C71E /* Release */,
			);
			defaultConfigurationIsVisible = 0;
			defaultConfigurationName = Release;
		};
/* End XCConfigurationList section */
	};
	rootObject = 00440FA91D1B8D230098C71E /* Project object */;
}
