// !$*UTF8*$!
{
	archiveVersion = 1;
	classes = {
	};
	objectVersion = 46;
	objects = {

/* Begin PBXBuildFile section */
		00440FB51D1B8D230098C71E /* AppDelegate.swift in Sources */ = {isa = PBXBuildFile; fileRef = 00440FB41D1B8D230098C71E /* AppDelegate.swift */; };
		00440FB71D1B8D230098C71E /* ViewController.swift in Sources */ = {isa = PBXBuildFile; fileRef = 00440FB61D1B8D230098C71E /* ViewController.swift */; };
		00440FBA1D1B8D230098C71E /* Main.storyboard in Resources */ = {isa = PBXBuildFile; fileRef = 00440FB81D1B8D230098C71E /* Main.storyboard */; };
		00440FBC1D1B8D230098C71E /* Assets.xcassets in Resources */ = {isa = PBXBuildFile; fileRef = 00440FBB1D1B8D230098C71E /* Assets.xcassets */; };
		00440FBF1D1B8D230098C71E /* LaunchScreen.storyboard in Resources */ = {isa = PBXBuildFile; fileRef = 00440FBD1D1B8D230098C71E /* LaunchScreen.storyboard */; };
/* End PBXBuildFile section */

/* Begin PBXFileReference section */
		00440FB11D1B8D230098C71E /* Pearl.app */ = {isa = PBXFileReference; explicitFileType = wrapper.application; includeInIndex = 0; path = Pearl.app; sourceTree = BUILT_PRODUCTS_DIR; };
		00440FB41D1B8D230098C71E /* AppDelegate.swift */ = {isa = PBXFileReference; lastKnownFileType = sourcecode.swift; path = AppDelegate.swift; sourceTree = "<group>"; };
		00440FB61D1B8D230098C71E /* ViewController.swift */ = {isa = PBXFileReference; lastKnownFileType = sourcecode.swift; path = ViewController.swift; sourceTree = "<group>"; };
		00440FB91D1B8D230098C71E /* Base */ = {isa = PBXFileReference; lastKnownFileType = file.storyboard; name = Base; path = Base.lproj/Main.storyboard; sourceTree = "<group>"; };
		00440FBB1D1B8D230098C71E /* Assets.xcassets */ = {isa = PBXFileReference; lastKnownFileType = folder.assetcatalog; path = Assets.xcassets; sourceTree = "<group>"; };
		00440FBE1D1B8D230098C71E /* Base */ = {isa = PBXFileReference; lastKnownFileType = file.storyboard; name = Base; path = Base.lproj/LaunchScreen.storyboard; sourceTree = "<group>"; };
		00440FC01D1B8D230098C71E /* Info.plist */ = {isa = PBXFileReference; lastKnownFileType = text.plist.xml; path = Info.plist; sourceTree = "<group>"; };
/* End PBXFileReference section */

/* Begin PBXFrameworksBuildPhase section */
		00440FAE1D1B8D230098C71E /* Frameworks */ = {
			isa = PBXFrameworksBuildPhase;
			buildActionMask = 2147483647;
			files = (
			);
			runOnlyForDeploymentPostprocessing = 0;
		};
/* End PBXFrameworksBuildPhase section */

/* Begin PBXGroup section */
		00440FA81D1B8D230098C71E = {
			isa = PBXGroup;
			children = (
				00440FB31D1B8D230098C71E /* Pearl */,
				00440FB21D1B8D230098C71E /* Products */,
			);
			sourceTree = "<group>";
		};
		00440FB21D1B8D230098C71E /* Products */ = {
			isa = PBXGroup;
			children = (
				00440FB11D1B8D230098C71E /* Pearl.app */,
			);
			name = Products;
			sourceTree = "<group>";
		};
		00440FB31D1B8D230098C71E /* Pearl */ = {
			isa = PBXGroup;
			children = (
				00440FB41D1B8D230098C71E /* AppDelegate.swift */,
				00440FB61D1B8D230098C71E /* ViewController.swift */,
				00440FB81D1B8D230098C71E /* Main.storyboard */,
				00440FBB1D1B8D230098C71E /* Assets.xcassets */,
				00440FBD1D1B8D230098C71E /* LaunchScreen.storyboard */,
				00440FC01D1B8D230098C71E /* Info.plist */,
			);
			path = Pearl;
			sourceTree = "<group>";
		};
/* End PBXGroup section */

/* Begin PBXNativeTarget section */
		00440FB01D1B8D230098C71E /* Pearl */ = {
			isa = PBXNativeTarget;
			buildConfigurationList = 00440FC31D1B8D230098C71E /* Build configuration list for PBXNativeTarget "Pearl" */;
			buildPhases = (
				00440FAD1D1B8D230098C71E /* Sources */,
				00440FAE1D1B8D230098C71E /* Frameworks */,
				00440FAF1D1B8D230098C71E /* Resources */,
			);
			buildRules = (
			);
			dependencies = (
			);
			name = Pearl;
			productName = Pearl;
			productReference = 00440FB11D1B8D230098C71E /* Pearl.app */;
			productType = "com.apple.product-type.application";
		};
/* End PBXNativeTarget section */

/* Begin PBXProject section */
		00440FA91D1B8D230098C71E /* Project object */ = {
			isa = PBXProject;
			attributes = {
				LastSwiftUpdateCheck = 0730;
				LastUpgradeCheck = 0730;
				ORGANIZATIONNAME = robiz.co;
				TargetAttributes = {
					00440FB01D1B8D230098C71E = {
						CreatedOnToolsVersion = 7.3.1;
					};
				};
			};
			buildConfigurationList = 00440FAC1D1B8D230098C71E /* Build configuration list for PBXProject "Pearl" */;
			compatibilityVersion = "Xcode 3.2";
			developmentRegion = English;
			hasScannedForEncodings = 0;
			knownRegions = (
				en,
				Base,
			);
			mainGroup = 00440FA81D1B8D230098C71E;
			productRefGroup = 00440FB21D1B8D230098C71E /* Products */;
			projectDirPath = "";
			projectRoot = "";
			targets = (
				00440FB01D1B8D230098C71E /* Pearl */,
			);
		};
/* End PBXProject section */

/* Begin PBXResourcesBuildPhase section */
		00440FAF1D1B8D230098C71E /* Resources */ = {
			isa = PBXResourcesBuildPhase;
			buildActionMask = 2147483647;
			files = (
				00440FBF1D1B8D230098C71E /* LaunchScreen.storyboard in Resources */,
				00440FBC1D1B8D230098C71E /* Assets.xcassets in Resources */,
				00440FBA1D1B8D230098C71E /* Main.storyboard in Resources */,
			);
			runOnlyForDeploymentPostprocessing = 0;
		};
/* End PBXResourcesBuildPhase section */

/* Begin PBXSourcesBuildPhase section */
		00440FAD1D1B8D230098C71E /* Sources */ = {
			isa = PBXSourcesBuildPhase;
			buildActionMask = 2147483647;
			files = (
				00440FB71D1B8D230098C71E /* ViewController.swift in Sources */,
				00440FB51D1B8D230098C71E /* AppDelegate.swift in Sources */,
			);
			runOnlyForDeploymentPostprocessing = 0;
		};
/* End PBXSourcesBuildPhase section */

/* Begin PBXVariantGroup section */
		00440FB81D1B8D230098C71E /* Main.storyboard */ = {
			isa = PBXVariantGroup;
			children = (
				00440FB91D1B8D230098C71E /* Base */,
			);
			name = Main.storyboard;
			sourceTree = "<group>";
		};
		00440FBD1D1B8D230098C71E /* LaunchScreen.storyboard */ = {
			isa = PBXVariantGroup;
			children = (
				00440FBE1D1B8D230098C71E /* Base */,
			);
			name = LaunchScreen.storyboard;
			sourceTree = "<group>";
		};
/* End PBXVariantGroup section */

/* Begin XCBuildConfiguration section */
		00440FC11D1B8D230098C71E /* Debug */ = {
			isa = XCBuildConfiguration;
			buildSettings = {
				ALWAYS_SEARCH_USER_PATHS = NO;
				CLANG_ANALYZER_NONNULL = YES;
				CLANG_CXX_LANGUAGE_STANDARD = "gnu++0x";
				CLANG_CXX_LIBRARY = "libc++";
				CLANG_ENABLE_MODULES = YES;
				CLANG_ENABLE_OBJC_ARC = YES;
				CLANG_WARN_BOOL_CONVERSION = YES;
				CLANG_WARN_CONSTANT_CONVERSION = YES;
				CLANG_WARN_DIRECT_OBJC_ISA_USAGE = YES_ERROR;
				CLANG_WARN_EMPTY_BODY = YES;
				CLANG_WARN_ENUM_CONVERSION = YES;
				CLANG_WARN_INT_CONVERSION = YES;
				CLANG_WARN_OBJC_ROOT_CLASS = YES_ERROR;
				CLANG_WARN_UNREACHABLE_CODE = YES;
				CLANG_WARN__DUPLICATE_METHOD_MATCH = YES;
				"CODE_SIGN_IDENTITY[sdk=iphoneos*]" = "iPhone Developer";
				COPY_PHASE_STRIP = NO;
				DEBUG_INFORMATION_FORMAT = dwarf;
				ENABLE_STRICT_OBJC_MSGSEND = YES;
				ENABLE_TESTABILITY = YES;
				GCC_C_LANGUAGE_STANDARD = gnu99;
				GCC_DYNAMIC_NO_PIC = NO;
				GCC_NO_COMMON_BLOCKS = YES;
				GCC_OPTIMIZATION_LEVEL = 0;
				GCC_PREPROCESSOR_DEFINITIONS = (
					"DEBUG=1",
					"$(inherited)",
				);
				GCC_WARN_64_TO_32_BIT_CONVERSION = YES;
				GCC_WARN_ABOUT_RETURN_TYPE = YES_ERROR;
				GCC_WARN_UNDECLARED_SELECTOR = YES;
				GCC_WARN_UNINITIALIZED_AUTOS = YES_AGGRESSIVE;
				GCC_WARN_UNUSED_FUNCTION = YES;
				GCC_WARN_UNUSED_VARIABLE = YES;
				IPHONEOS_DEPLOYMENT_TARGET = 8.0;
				MTL_ENABLE_DEBUG_INFO = YES;
				ONLY_ACTIVE_ARCH = YES;
				SDKROOT = iphoneos;
				SWIFT_OPTIMIZATION_LEVEL = "-Onone";
			};
			name = Debug;
		};
		00440FC21D1B8D230098C71E /* Release */ = {
			isa = XCBuildConfiguration;
			buildSettings = {
				ALWAYS_SEARCH_USER_PATHS = NO;
				CLANG_ANALYZER_NONNULL = YES;
				CLANG_CXX_LANGUAGE_STANDARD = "gnu++0x";
				CLANG_CXX_LIBRARY = "libc++";
				CLANG_ENABLE_MODULES = YES;
				CLANG_ENABLE_OBJC_ARC = YES;
				CLANG_WARN_BOOL_CONVERSION = YES;
				CLANG_WARN_CONSTANT_CONVERSION = YES;
				CLANG_WARN_DIRECT_OBJC_ISA_USAGE = YES_ERROR;
				CLANG_WARN_EMPTY_BODY = YES;
				CLANG_WARN_ENUM_CONVERSION = YES;
				CLANG_WARN_INT_CONVERSION = YES;
				CLANG_WARN_OBJC_ROOT_CLASS = YES_ERROR;
				CLANG_WARN_UNREACHABLE_CODE = YES;
				CLANG_WARN__DUPLICATE_METHOD_MATCH = YES;
				"CODE_SIGN_IDENTITY[sdk=iphoneos*]" = "iPhone Developer";
				COPY_PHASE_STRIP = NO;
				DEBUG_INFORMATION_FORMAT = "dwarf-with-dsym";
				ENABLE_NS_ASSERTIONS = NO;
				ENABLE_STRICT_OBJC_MSGSEND = YES;
				GCC_C_LANGUAGE_STANDARD = gnu99;
				GCC_NO_COMMON_BLOCKS = YES;
				GCC_WARN_64_TO_32_BIT_CONVERSION = YES;
				GCC_WARN_ABOUT_RETURN_TYPE = YES_ERROR;
				GCC_WARN_UNDECLARED_SELECTOR = YES;
				GCC_WARN_UNINITIALIZED_AUTOS = YES_AGGRESSIVE;
				GCC_WARN_UNUSED_FUNCTION = YES;
				GCC_WARN_UNUSED_VARIABLE = YES;
				IPHONEOS_DEPLOYMENT_TARGET = 8.0;
				MTL_ENABLE_DEBUG_INFO = NO;
				SDKROOT = iphoneos;
				VALIDATE_PRODUCT = YES;
			};
			name = Release;
		};
		00440FC41D1B8D230098C71E /* Debug */ = {
			isa = XCBuildConfiguration;
			buildSettings = {
				ASSETCATALOG_COMPILER_APPICON_NAME = AppIcon;
				INFOPLIST_FILE = Pearl/Info.plist;
				LD_RUNPATH_SEARCH_PATHS = "$(inherited) @executable_path/Frameworks";
				PRODUCT_BUNDLE_IDENTIFIER = co.robiz.Pearl;
				PRODUCT_NAME = "$(TARGET_NAME)";
			};
			name = Debug;
		};
		00440FC51D1B8D230098C71E /* Release */ = {
			isa = XCBuildConfiguration;
			buildSettings = {
				ASSETCATALOG_COMPILER_APPICON_NAME = AppIcon;
				INFOPLIST_FILE = Pearl/Info.plist;
				LD_RUNPATH_SEARCH_PATHS = "$(inherited) @executable_path/Frameworks";
				PRODUCT_BUNDLE_IDENTIFIER = co.robiz.Pearl;
				PRODUCT_NAME = "$(TARGET_NAME)";
			};
			name = Release;
		};
/* End XCBuildConfiguration section */

/* Begin XCConfigurationList section */
		00440FAC1D1B8D230098C71E /* Build configuration list for PBXProject "Pearl" */ = {
			isa = XCConfigurationList;
			buildConfigurations = (
				00440FC11D1B8D230098C71E /* Debug */,
				00440FC21D1B8D230098C71E /* Release */,
			);
			defaultConfigurationIsVisible = 0;
			defaultConfigurationName = Release;
		};
		00440FC31D1B8D230098C71E /* Build configuration list for PBXNativeTarget "Pearl" */ = {
			isa = XCConfigurationList;
			buildConfigurations = (
				00440FC41D1B8D230098C71E /* Debug */,
				00440FC51D1B8D230098C71E /* Release */,
			);
			defaultConfigurationIsVisible = 0;
		};
/* End XCConfigurationList section */
	};
	rootObject = 00440FA91D1B8D230098C71E /* Project object */;
}
