PODS:
  - Alamofire (3.4.0)
  - RxSwift (2.5.0)
  - SSKeychain (1.4.0)

DEPENDENCIES:
  - Alamofire (~> 3.4)
  - RxSwift (~> 2.0)
  - SSKeychain

SPEC CHECKSUMS:
  Alamofire: c19a627cefd6a95f840401c49ab1f124e07f54ee
  RxSwift: 402b41a50e922a0368fc14cb3bc9f4427920e8ae
  SSKeychain: c71293fa57216a40ab06c23f4085387583293de4

PODFILE CHECKSUM: a865638f287745711aa9fba359ac15f1ccc44df8

COCOAPODS: 1.0.0
